
Microsoft Visual Studio Solution File, Format Version 12.00
# Visual Studio Version 17
VisualStudioVersion = 17.7.34024.191
MinimumVisualStudioVersion = 10.0.40219.1
Project("{2150E333-8FDC-42A3-9474-1A3956D46DE8}") = "Services", "Services", "{2E9336FA-70D9-4370-911D-785535358605}"
EndProject
Project("{2150E333-8FDC-42A3-9474-1A3956D46DE8}") = "Catalog", "Catalog", "{89A9C3F3-E5D5-450D-BD41-9D714FDA91EF}"
EndProject
Project("{9A19103F-16F7-4668-BE54-9A1E7A4F7556}") = "FreeCourse.Services.Catalog", "Services\Catalog\FreeCourse.Services.Catalog\FreeCourse.Services.Catalog.csproj", "{3C2EA277-9AC5-4B52-9FF5-ED156C67A21F}"
EndProject
Project("{2150E333-8FDC-42A3-9474-1A3956D46DE8}") = "Solution Items", "Solution Items", "{25A55967-4200-4EC3-95C1-4DDCBC953D14}"
	ProjectSection(SolutionItems) = preProject
		Port.txt = Port.txt
	EndProjectSection
EndProject
Project("{2150E333-8FDC-42A3-9474-1A3956D46DE8}") = "Shared", "Shared", "{1CDFC347-74BE-4C8D-9978-167F79D2243E}"
EndProject
Project("{9A19103F-16F7-4668-BE54-9A1E7A4F7556}") = "FreeCourse.Shared", "Shared\FreeCourse.Shared\FreeCourse.Shared.csproj", "{E8C22EEB-F9F6-4D0B-B44C-6085A2BC3632}"
EndProject
Project("{2150E333-8FDC-42A3-9474-1A3956D46DE8}") = "IdentityServer", "IdentityServer", "{3992B0D9-0ED8-4933-82A1-08C9F9FBEF8A}"
EndProject
Project("{9A19103F-16F7-4668-BE54-9A1E7A4F7556}") = "FreeCourse.IdentityServer", "IdentityServer\FreeCourse.IdentityServer\FreeCourse.IdentityServer.csproj", "{EB9E0B83-FED1-469C-BC18-F39BFF4B9670}"
EndProject
Project("{2150E333-8FDC-42A3-9474-1A3956D46DE8}") = "PhotoStock", "PhotoStock", "{B8102915-0F98-4A6A-8D67-14BD17FD0010}"
EndProject
Project("{9A19103F-16F7-4668-BE54-9A1E7A4F7556}") = "FreeCourse.Services.PhotoStock", "Services\PhotoStock\FreeCourse.Services.PhotoStock\FreeCourse.Services.PhotoStock.csproj", "{BD0578FD-3340-4402-B977-2B13E641AEAB}"
EndProject
Project("{2150E333-8FDC-42A3-9474-1A3956D46DE8}") = "Basket", "Basket", "{1F8C5B24-DE91-4226-98A5-A9B9B3AC1025}"
EndProject
Project("{9A19103F-16F7-4668-BE54-9A1E7A4F7556}") = "FreeCourse.Services.Basket", "Services\Basket\FreeCourse.Services.Basket\FreeCourse.Services.Basket.csproj", "{31DB8CC7-C889-4F21-894E-DCCAF55F2B6E}"
EndProject
Project("{2150E333-8FDC-42A3-9474-1A3956D46DE8}") = "Discount", "Discount", "{0C98A488-8E99-4167-B38B-3FC6A29EA4DB}"
EndProject
Project("{FAE04EC0-301F-11D3-BF4B-00C04F79EFBC}") = "FreeCourse.Services.Discount", "Services\Discount\FreeCourse.Services.Discount\FreeCourse.Services.Discount.csproj", "{2A2929B1-9ABF-4742-9562-A0C15C26D384}"
EndProject
Global
	GlobalSection(SolutionConfigurationPlatforms) = preSolution
		Debug|Any CPU = Debug|Any CPU
		Release|Any CPU = Release|Any CPU
	EndGlobalSection
	GlobalSection(ProjectConfigurationPlatforms) = postSolution
		{3C2EA277-9AC5-4B52-9FF5-ED156C67A21F}.Debug|Any CPU.ActiveCfg = Debug|Any CPU
		{3C2EA277-9AC5-4B52-9FF5-ED156C67A21F}.Debug|Any CPU.Build.0 = Debug|Any CPU
		{3C2EA277-9AC5-4B52-9FF5-ED156C67A21F}.Release|Any CPU.ActiveCfg = Release|Any CPU
		{3C2EA277-9AC5-4B52-9FF5-ED156C67A21F}.Release|Any CPU.Build.0 = Release|Any CPU
		{E8C22EEB-F9F6-4D0B-B44C-6085A2BC3632}.Debug|Any CPU.ActiveCfg = Debug|Any CPU
		{E8C22EEB-F9F6-4D0B-B44C-6085A2BC3632}.Debug|Any CPU.Build.0 = Debug|Any CPU
		{E8C22EEB-F9F6-4D0B-B44C-6085A2BC3632}.Release|Any CPU.ActiveCfg = Release|Any CPU
		{E8C22EEB-F9F6-4D0B-B44C-6085A2BC3632}.Release|Any CPU.Build.0 = Release|Any CPU
		{EB9E0B83-FED1-469C-BC18-F39BFF4B9670}.Debug|Any CPU.ActiveCfg = Debug|Any CPU
		{EB9E0B83-FED1-469C-BC18-F39BFF4B9670}.Debug|Any CPU.Build.0 = Debug|Any CPU
		{EB9E0B83-FED1-469C-BC18-F39BFF4B9670}.Release|Any CPU.ActiveCfg = Release|Any CPU
		{EB9E0B83-FED1-469C-BC18-F39BFF4B9670}.Release|Any CPU.Build.0 = Release|Any CPU
		{BD0578FD-3340-4402-B977-2B13E641AEAB}.Debug|Any CPU.ActiveCfg = Debug|Any CPU
		{BD0578FD-3340-4402-B977-2B13E641AEAB}.Debug|Any CPU.Build.0 = Debug|Any CPU
		{BD0578FD-3340-4402-B977-2B13E641AEAB}.Release|Any CPU.ActiveCfg = Release|Any CPU
		{BD0578FD-3340-4402-B977-2B13E641AEAB}.Release|Any CPU.Build.0 = Release|Any CPU
		{31DB8CC7-C889-4F21-894E-DCCAF55F2B6E}.Debug|Any CPU.ActiveCfg = Debug|Any CPU
		{31DB8CC7-C889-4F21-894E-DCCAF55F2B6E}.Debug|Any CPU.Build.0 = Debug|Any CPU
		{31DB8CC7-C889-4F21-894E-DCCAF55F2B6E}.Release|Any CPU.ActiveCfg = Release|Any CPU
		{31DB8CC7-C889-4F21-894E-DCCAF55F2B6E}.Release|Any CPU.Build.0 = Release|Any CPU
		{2A2929B1-9ABF-4742-9562-A0C15C26D384}.Debug|Any CPU.ActiveCfg = Debug|Any CPU
		{2A2929B1-9ABF-4742-9562-A0C15C26D384}.Debug|Any CPU.Build.0 = Debug|Any CPU
		{2A2929B1-9ABF-4742-9562-A0C15C26D384}.Release|Any CPU.ActiveCfg = Release|Any CPU
		{2A2929B1-9ABF-4742-9562-A0C15C26D384}.Release|Any CPU.Build.0 = Release|Any CPU
	EndGlobalSection
	GlobalSection(SolutionProperties) = preSolution
		HideSolutionNode = FALSE
	EndGlobalSection
	GlobalSection(NestedProjects) = preSolution
		{89A9C3F3-E5D5-450D-BD41-9D714FDA91EF} = {2E9336FA-70D9-4370-911D-785535358605}
		{3C2EA277-9AC5-4B52-9FF5-ED156C67A21F} = {89A9C3F3-E5D5-450D-BD41-9D714FDA91EF}
		{E8C22EEB-F9F6-4D0B-B44C-6085A2BC3632} = {1CDFC347-74BE-4C8D-9978-167F79D2243E}
		{EB9E0B83-FED1-469C-BC18-F39BFF4B9670} = {3992B0D9-0ED8-4933-82A1-08C9F9FBEF8A}
		{B8102915-0F98-4A6A-8D67-14BD17FD0010} = {2E9336FA-70D9-4370-911D-785535358605}
		{BD0578FD-3340-4402-B977-2B13E641AEAB} = {B8102915-0F98-4A6A-8D67-14BD17FD0010}
		{1F8C5B24-DE91-4226-98A5-A9B9B3AC1025} = {2E9336FA-70D9-4370-911D-785535358605}
		{31DB8CC7-C889-4F21-894E-DCCAF55F2B6E} = {1F8C5B24-DE91-4226-98A5-A9B9B3AC1025}
		{0C98A488-8E99-4167-B38B-3FC6A29EA4DB} = {2E9336FA-70D9-4370-911D-785535358605}
		{2A2929B1-9ABF-4742-9562-A0C15C26D384} = {0C98A488-8E99-4167-B38B-3FC6A29EA4DB}
	EndGlobalSection
	GlobalSection(ExtensibilityGlobals) = postSolution
		SolutionGuid = {547D57A6-4368-4687-80B7-9C0C886FB562}
	EndGlobalSection
EndGlobal
