
Microsoft Visual Studio Solution File, Format Version 12.00
# Visual Studio Version 17
VisualStudioVersion = 17.7.34024.191
MinimumVisualStudioVersion = 10.0.40219.1
Project("{2150E333-8FDC-42A3-9474-1A3956D46DE8}") = "Services", "Services", "{2E9336FA-70D9-4370-911D-785535358605}"
EndProject
Project("{2150E333-8FDC-42A3-9474-1A3956D46DE8}") = "Catalog", "Catalog", "{89A9C3F3-E5D5-450D-BD41-9D714FDA91EF}"
EndProject
Project("{FAE04EC0-301F-11D3-BF4B-00C04F79EFBC}") = "FreeCourse.Services.Catalog", "Services\Catalog\FreeCourse.Services.Catalog\FreeCourse.Services.Catalog.csproj", "{3C2EA277-9AC5-4B52-9FF5-ED156C67A21F}"
EndProject
Project("{2150E333-8FDC-42A3-9474-1A3956D46DE8}") = "Solution Items", "Solution Items", "{25A55967-4200-4EC3-95C1-4DDCBC953D14}"
	ProjectSection(SolutionItems) = preProject
		Port.txt = Port.txt
	EndProjectSection
EndProject
Global
	GlobalSection(SolutionConfigurationPlatforms) = preSolution
		Debug|Any CPU = Debug|Any CPU
		Release|Any CPU = Release|Any CPU
	EndGlobalSection
	GlobalSection(ProjectConfigurationPlatforms) = postSolution
		{3C2EA277-9AC5-4B52-9FF5-ED156C67A21F}.Debug|Any CPU.ActiveCfg = Debug|Any CPU
		{3C2EA277-9AC5-4B52-9FF5-ED156C67A21F}.Debug|Any CPU.Build.0 = Debug|Any CPU
		{3C2EA277-9AC5-4B52-9FF5-ED156C67A21F}.Release|Any CPU.ActiveCfg = Release|Any CPU
		{3C2EA277-9AC5-4B52-9FF5-ED156C67A21F}.Release|Any CPU.Build.0 = Release|Any CPU
	EndGlobalSection
	GlobalSection(SolutionProperties) = preSolution
		HideSolutionNode = FALSE
	EndGlobalSection
	GlobalSection(NestedProjects) = preSolution
		{89A9C3F3-E5D5-450D-BD41-9D714FDA91EF} = {2E9336FA-70D9-4370-911D-785535358605}
		{3C2EA277-9AC5-4B52-9FF5-ED156C67A21F} = {89A9C3F3-E5D5-450D-BD41-9D714FDA91EF}
	EndGlobalSection
	GlobalSection(ExtensibilityGlobals) = postSolution
		SolutionGuid = {547D57A6-4368-4687-80B7-9C0C886FB562}
	EndGlobalSection
EndGlobal
